
Microsoft Visual Studio Solution File, Format Version 12.00
# Visual Studio Version 17
VisualStudioVersion = 17.10.34928.147
MinimumVisualStudioVersion = 10.0.40219.1
Project("{FAE04EC0-301F-11D3-BF4B-00C04F79EFBC}") = "lr1_withoutPattern", "lr1_withoutPattern.csproj", "{F2B1B846-A8BB-42A1-A30B-1F2F0F152344}"
EndProject
Global
	GlobalSection(SolutionConfigurationPlatforms) = preSolution
		Debug|Any CPU = Debug|Any CPU
		Release|Any CPU = Release|Any CPU
	EndGlobalSection
	GlobalSection(ProjectConfigurationPlatforms) = postSolution
		{F2B1B846-A8BB-42A1-A30B-1F2F0F152344}.Debug|Any CPU.ActiveCfg = Debug|Any CPU
		{F2B1B846-A8BB-42A1-A30B-1F2F0F152344}.Debug|Any CPU.Build.0 = Debug|Any CPU
		{F2B1B846-A8BB-42A1-A30B-1F2F0F152344}.Release|Any CPU.ActiveCfg = Release|Any CPU
		{F2B1B846-A8BB-42A1-A30B-1F2F0F152344}.Release|Any CPU.Build.0 = Release|Any CPU
	EndGlobalSection
	GlobalSection(SolutionProperties) = preSolution
		HideSolutionNode = FALSE
	EndGlobalSection
	GlobalSection(ExtensibilityGlobals) = postSolution
		SolutionGuid = {D45C0309-B2C3-46AF-921B-63E448FA8A8D}
	EndGlobalSection
EndGlobal
